// !$*UTF8*$!
{
	archiveVersion = 1;
	classes = {
	};
	objectVersion = 46;
	objects = {

/* Begin PBXBuildFile section */
		3267DF291DB0B25700E7F433 /* main.swift in Sources */ = {isa = PBXBuildFile; fileRef = 3267DF281DB0B25700E7F433 /* main.swift */; };
		3267DF301DB0B33B00E7F433 /* Command.swift in Sources */ = {isa = PBXBuildFile; fileRef = 3267DF2F1DB0B33B00E7F433 /* Command.swift */; };
		3267DF321DB0B3A300E7F433 /* CommandStocker.swift in Sources */ = {isa = PBXBuildFile; fileRef = 3267DF311DB0B3A300E7F433 /* CommandStocker.swift */; };
		3267DF341DB0B88A00E7F433 /* User.swift in Sources */ = {isa = PBXBuildFile; fileRef = 3267DF331DB0B88A00E7F433 /* User.swift */; };
		3267DF361DB0BA0200E7F433 /* CommandServer.swift in Sources */ = {isa = PBXBuildFile; fileRef = 3267DF351DB0BA0200E7F433 /* CommandServer.swift */; };
/* End PBXBuildFile section */

/* Begin PBXCopyFilesBuildPhase section */
		3267DF231DB0B25600E7F433 /* CopyFiles */ = {
			isa = PBXCopyFilesBuildPhase;
			buildActionMask = 2147483647;
			dstPath = /usr/share/man/man1/;
			dstSubfolderSpec = 0;
			files = (
			);
			runOnlyForDeploymentPostprocessing = 1;
		};
/* End PBXCopyFilesBuildPhase section */

/* Begin PBXFileReference section */
		3267DF251DB0B25700E7F433 /* GuardedSuspension */ = {isa = PBXFileReference; explicitFileType = "compiled.mach-o.executable"; includeInIndex = 0; path = GuardedSuspension; sourceTree = BUILT_PRODUCTS_DIR; };
		3267DF281DB0B25700E7F433 /* main.swift */ = {isa = PBXFileReference; lastKnownFileType = sourcecode.swift; path = main.swift; sourceTree = "<group>"; };
		3267DF2F1DB0B33B00E7F433 /* Command.swift */ = {isa = PBXFileReference; fileEncoding = 4; lastKnownFileType = sourcecode.swift; path = Command.swift; sourceTree = "<group>"; };
		3267DF311DB0B3A300E7F433 /* CommandStocker.swift */ = {isa = PBXFileReference; fileEncoding = 4; lastKnownFileType = sourcecode.swift; path = CommandStocker.swift; sourceTree = "<group>"; };
		3267DF331DB0B88A00E7F433 /* User.swift */ = {isa = PBXFileReference; fileEncoding = 4; lastKnownFileType = sourcecode.swift; path = User.swift; sourceTree = "<group>"; };
		3267DF351DB0BA0200E7F433 /* CommandServer.swift */ = {isa = PBXFileReference; fileEncoding = 4; lastKnownFileType = sourcecode.swift; path = CommandServer.swift; sourceTree = "<group>"; };
/* End PBXFileReference section */

/* Begin PBXFrameworksBuildPhase section */
		3267DF221DB0B25600E7F433 /* Frameworks */ = {
			isa = PBXFrameworksBuildPhase;
			buildActionMask = 2147483647;
			files = (
			);
			runOnlyForDeploymentPostprocessing = 0;
		};
/* End PBXFrameworksBuildPhase section */

/* Begin PBXGroup section */
		3267DF1C1DB0B25600E7F433 = {
			isa = PBXGroup;
			children = (
				3267DF271DB0B25700E7F433 /* GuardedSuspension */,
				3267DF261DB0B25700E7F433 /* Products */,
			);
			sourceTree = "<group>";
		};
		3267DF261DB0B25700E7F433 /* Products */ = {
			isa = PBXGroup;
			children = (
				3267DF251DB0B25700E7F433 /* GuardedSuspension */,
			);
			name = Products;
			sourceTree = "<group>";
		};
		3267DF271DB0B25700E7F433 /* GuardedSuspension */ = {
			isa = PBXGroup;
			children = (
				3267DF281DB0B25700E7F433 /* main.swift */,
				3267DF331DB0B88A00E7F433 /* User.swift */,
				3267DF2F1DB0B33B00E7F433 /* Command.swift */,
				3267DF351DB0BA0200E7F433 /* CommandServer.swift */,
				3267DF311DB0B3A300E7F433 /* CommandStocker.swift */,
			);
			path = GuardedSuspension;
			sourceTree = "<group>";
		};
/* End PBXGroup section */

/* Begin PBXNativeTarget section */
		3267DF241DB0B25600E7F433 /* GuardedSuspension */ = {
			isa = PBXNativeTarget;
			buildConfigurationList = 3267DF2C1DB0B25700E7F433 /* Build configuration list for PBXNativeTarget "GuardedSuspension" */;
			buildPhases = (
				3267DF211DB0B25600E7F433 /* Sources */,
				3267DF221DB0B25600E7F433 /* Frameworks */,
				3267DF231DB0B25600E7F433 /* CopyFiles */,
			);
			buildRules = (
			);
			dependencies = (
			);
			name = GuardedSuspension;
			productName = GuardedSuspension;
			productReference = 3267DF251DB0B25700E7F433 /* GuardedSuspension */;
			productType = "com.apple.product-type.tool";
		};
/* End PBXNativeTarget section */

/* Begin PBXProject section */
		3267DF1D1DB0B25600E7F433 /* Project object */ = {
			isa = PBXProject;
			attributes = {
				LastSwiftUpdateCheck = 0800;
				LastUpgradeCheck = 0800;
				ORGANIZATIONNAME = rodhos;
				TargetAttributes = {
					3267DF241DB0B25600E7F433 = {
						CreatedOnToolsVersion = 8.0;
						ProvisioningStyle = Automatic;
					};
				};
			};
			buildConfigurationList = 3267DF201DB0B25600E7F433 /* Build configuration list for PBXProject "GuardedSuspension" */;
			compatibilityVersion = "Xcode 3.2";
			developmentRegion = English;
			hasScannedForEncodings = 0;
			knownRegions = (
				en,
			);
			mainGroup = 3267DF1C1DB0B25600E7F433;
			productRefGroup = 3267DF261DB0B25700E7F433 /* Products */;
			projectDirPath = "";
			projectRoot = "";
			targets = (
				3267DF241DB0B25600E7F433 /* GuardedSuspension */,
			);
		};
/* End PBXProject section */

/* Begin PBXSourcesBuildPhase section */
		3267DF211DB0B25600E7F433 /* Sources */ = {
			isa = PBXSourcesBuildPhase;
			buildActionMask = 2147483647;
			files = (
				3267DF341DB0B88A00E7F433 /* User.swift in Sources */,
				3267DF361DB0BA0200E7F433 /* CommandServer.swift in Sources */,
				3267DF291DB0B25700E7F433 /* main.swift in Sources */,
				3267DF301DB0B33B00E7F433 /* Command.swift in Sources */,
				3267DF321DB0B3A300E7F433 /* CommandStocker.swift in Sources */,
			);
			runOnlyForDeploymentPostprocessing = 0;
		};
/* End PBXSourcesBuildPhase section */

/* Begin XCBuildConfiguration section */
		3267DF2A1DB0B25700E7F433 /* Debug */ = {
			isa = XCBuildConfiguration;
			buildSettings = {
				ALWAYS_SEARCH_USER_PATHS = NO;
				CLANG_ANALYZER_NONNULL = YES;
				CLANG_CXX_LANGUAGE_STANDARD = "gnu++0x";
				CLANG_CXX_LIBRARY = "libc++";
				CLANG_ENABLE_MODULES = YES;
				CLANG_ENABLE_OBJC_ARC = YES;
				CLANG_WARN_BOOL_CONVERSION = YES;
				CLANG_WARN_CONSTANT_CONVERSION = YES;
				CLANG_WARN_DIRECT_OBJC_ISA_USAGE = YES_ERROR;
				CLANG_WARN_DOCUMENTATION_COMMENTS = YES;
				CLANG_WARN_EMPTY_BODY = YES;
				CLANG_WARN_ENUM_CONVERSION = YES;
				CLANG_WARN_INFINITE_RECURSION = YES;
				CLANG_WARN_INT_CONVERSION = YES;
				CLANG_WARN_OBJC_ROOT_CLASS = YES_ERROR;
				CLANG_WARN_SUSPICIOUS_MOVES = YES;
				CLANG_WARN_UNREACHABLE_CODE = YES;
				CLANG_WARN__DUPLICATE_METHOD_MATCH = YES;
				CODE_SIGN_IDENTITY = "-";
				COPY_PHASE_STRIP = NO;
				DEBUG_INFORMATION_FORMAT = dwarf;
				ENABLE_STRICT_OBJC_MSGSEND = YES;
				ENABLE_TESTABILITY = YES;
				GCC_C_LANGUAGE_STANDARD = gnu99;
				GCC_DYNAMIC_NO_PIC = NO;
				GCC_NO_COMMON_BLOCKS = YES;
				GCC_OPTIMIZATION_LEVEL = 0;
				GCC_PREPROCESSOR_DEFINITIONS = (
					"DEBUG=1",
					"$(inherited)",
				);
				GCC_WARN_64_TO_32_BIT_CONVERSION = YES;
				GCC_WARN_ABOUT_RETURN_TYPE = YES_ERROR;
				GCC_WARN_UNDECLARED_SELECTOR = YES;
				GCC_WARN_UNINITIALIZED_AUTOS = YES_AGGRESSIVE;
				GCC_WARN_UNUSED_FUNCTION = YES;
				GCC_WARN_UNUSED_VARIABLE = YES;
				MACOSX_DEPLOYMENT_TARGET = 10.11;
				MTL_ENABLE_DEBUG_INFO = YES;
				ONLY_ACTIVE_ARCH = YES;
				SDKROOT = macosx;
				SWIFT_OPTIMIZATION_LEVEL = "-Onone";
			};
			name = Debug;
		};
		3267DF2B1DB0B25700E7F433 /* Release */ = {
			isa = XCBuildConfiguration;
			buildSettings = {
				ALWAYS_SEARCH_USER_PATHS = NO;
				CLANG_ANALYZER_NONNULL = YES;
				CLANG_CXX_LANGUAGE_STANDARD = "gnu++0x";
				CLANG_CXX_LIBRARY = "libc++";
				CLANG_ENABLE_MODULES = YES;
				CLANG_ENABLE_OBJC_ARC = YES;
				CLANG_WARN_BOOL_CONVERSION = YES;
				CLANG_WARN_CONSTANT_CONVERSION = YES;
				CLANG_WARN_DIRECT_OBJC_ISA_USAGE = YES_ERROR;
				CLANG_WARN_DOCUMENTATION_COMMENTS = YES;
				CLANG_WARN_EMPTY_BODY = YES;
				CLANG_WARN_ENUM_CONVERSION = YES;
				CLANG_WARN_INFINITE_RECURSION = YES;
				CLANG_WARN_INT_CONVERSION = YES;
				CLANG_WARN_OBJC_ROOT_CLASS = YES_ERROR;
				CLANG_WARN_SUSPICIOUS_MOVES = YES;
				CLANG_WARN_UNREACHABLE_CODE = YES;
				CLANG_WARN__DUPLICATE_METHOD_MATCH = YES;
				CODE_SIGN_IDENTITY = "-";
				COPY_PHASE_STRIP = NO;
				DEBUG_INFORMATION_FORMAT = "dwarf-with-dsym";
				ENABLE_NS_ASSERTIONS = NO;
				ENABLE_STRICT_OBJC_MSGSEND = YES;
				GCC_C_LANGUAGE_STANDARD = gnu99;
				GCC_NO_COMMON_BLOCKS = YES;
				GCC_WARN_64_TO_32_BIT_CONVERSION = YES;
				GCC_WARN_ABOUT_RETURN_TYPE = YES_ERROR;
				GCC_WARN_UNDECLARED_SELECTOR = YES;
				GCC_WARN_UNINITIALIZED_AUTOS = YES_AGGRESSIVE;
				GCC_WARN_UNUSED_FUNCTION = YES;
				GCC_WARN_UNUSED_VARIABLE = YES;
				MACOSX_DEPLOYMENT_TARGET = 10.11;
				MTL_ENABLE_DEBUG_INFO = NO;
				SDKROOT = macosx;
			};
			name = Release;
		};
		3267DF2D1DB0B25700E7F433 /* Debug */ = {
			isa = XCBuildConfiguration;
			buildSettings = {
				PRODUCT_NAME = "$(TARGET_NAME)";
				SWIFT_VERSION = 3.0;
			};
			name = Debug;
		};
		3267DF2E1DB0B25700E7F433 /* Release */ = {
			isa = XCBuildConfiguration;
			buildSettings = {
				PRODUCT_NAME = "$(TARGET_NAME)";
				SWIFT_VERSION = 3.0;
			};
			name = Release;
		};
/* End XCBuildConfiguration section */

/* Begin XCConfigurationList section */
		3267DF201DB0B25600E7F433 /* Build configuration list for PBXProject "GuardedSuspension" */ = {
			isa = XCConfigurationList;
			buildConfigurations = (
				3267DF2A1DB0B25700E7F433 /* Debug */,
				3267DF2B1DB0B25700E7F433 /* Release */,
			);
			defaultConfigurationIsVisible = 0;
			defaultConfigurationName = Release;
		};
		3267DF2C1DB0B25700E7F433 /* Build configuration list for PBXNativeTarget "GuardedSuspension" */ = {
			isa = XCConfigurationList;
			buildConfigurations = (
				3267DF2D1DB0B25700E7F433 /* Debug */,
				3267DF2E1DB0B25700E7F433 /* Release */,
			);
			defaultConfigurationIsVisible = 0;
		};
/* End XCConfigurationList section */
	};
	rootObject = 3267DF1D1DB0B25600E7F433 /* Project object */;
}
