// !$*UTF8*$!
{
	archiveVersion = 1;
	classes = {
	};
	objectVersion = 46;
	objects = {

/* Begin PBXBuildFile section */
		3204A0BF1DB4675700316CF3 /* main.swift in Sources */ = {isa = PBXBuildFile; fileRef = 3204A0BE1DB4675700316CF3 /* main.swift */; };
		3204A0C61DB4682F00316CF3 /* RecordStocker.swift in Sources */ = {isa = PBXBuildFile; fileRef = 3204A0C51DB4682F00316CF3 /* RecordStocker.swift */; };
		3204A0C81DB46B2800316CF3 /* RecordsUpdater.swift in Sources */ = {isa = PBXBuildFile; fileRef = 3204A0C71DB46B2800316CF3 /* RecordsUpdater.swift */; };
		3204A0CA1DB46C0100316CF3 /* Record.swift in Sources */ = {isa = PBXBuildFile; fileRef = 3204A0C91DB46C0100316CF3 /* Record.swift */; };
		3204A0CC1DB46DB600316CF3 /* User.swift in Sources */ = {isa = PBXBuildFile; fileRef = 3204A0CB1DB46DB600316CF3 /* User.swift */; };
		3204A0CE1DB46F1500316CF3 /* ReadWriteLock.swift in Sources */ = {isa = PBXBuildFile; fileRef = 3204A0CD1DB46F1500316CF3 /* ReadWriteLock.swift */; };
/* End PBXBuildFile section */

/* Begin PBXCopyFilesBuildPhase section */
		3204A0B91DB4675700316CF3 /* CopyFiles */ = {
			isa = PBXCopyFilesBuildPhase;
			buildActionMask = 2147483647;
			dstPath = /usr/share/man/man1/;
			dstSubfolderSpec = 0;
			files = (
			);
			runOnlyForDeploymentPostprocessing = 1;
		};
/* End PBXCopyFilesBuildPhase section */

/* Begin PBXFileReference section */
		3204A0BB1DB4675700316CF3 /* ReadWriteLock */ = {isa = PBXFileReference; explicitFileType = "compiled.mach-o.executable"; includeInIndex = 0; path = ReadWriteLock; sourceTree = BUILT_PRODUCTS_DIR; };
		3204A0BE1DB4675700316CF3 /* main.swift */ = {isa = PBXFileReference; lastKnownFileType = sourcecode.swift; path = main.swift; sourceTree = "<group>"; };
		3204A0C51DB4682F00316CF3 /* RecordStocker.swift */ = {isa = PBXFileReference; fileEncoding = 4; lastKnownFileType = sourcecode.swift; path = RecordStocker.swift; sourceTree = "<group>"; };
		3204A0C71DB46B2800316CF3 /* RecordsUpdater.swift */ = {isa = PBXFileReference; fileEncoding = 4; lastKnownFileType = sourcecode.swift; path = RecordsUpdater.swift; sourceTree = "<group>"; };
		3204A0C91DB46C0100316CF3 /* Record.swift */ = {isa = PBXFileReference; fileEncoding = 4; lastKnownFileType = sourcecode.swift; path = Record.swift; sourceTree = "<group>"; };
		3204A0CB1DB46DB600316CF3 /* User.swift */ = {isa = PBXFileReference; fileEncoding = 4; lastKnownFileType = sourcecode.swift; path = User.swift; sourceTree = "<group>"; };
		3204A0CD1DB46F1500316CF3 /* ReadWriteLock.swift */ = {isa = PBXFileReference; fileEncoding = 4; lastKnownFileType = sourcecode.swift; path = ReadWriteLock.swift; sourceTree = "<group>"; };
/* End PBXFileReference section */

/* Begin PBXFrameworksBuildPhase section */
		3204A0B81DB4675700316CF3 /* Frameworks */ = {
			isa = PBXFrameworksBuildPhase;
			buildActionMask = 2147483647;
			files = (
			);
			runOnlyForDeploymentPostprocessing = 0;
		};
/* End PBXFrameworksBuildPhase section */

/* Begin PBXGroup section */
		3204A0B21DB4675700316CF3 = {
			isa = PBXGroup;
			children = (
				3204A0BD1DB4675700316CF3 /* ReadWriteLock */,
				3204A0BC1DB4675700316CF3 /* Products */,
			);
			sourceTree = "<group>";
		};
		3204A0BC1DB4675700316CF3 /* Products */ = {
			isa = PBXGroup;
			children = (
				3204A0BB1DB4675700316CF3 /* ReadWriteLock */,
			);
			name = Products;
			sourceTree = "<group>";
		};
		3204A0BD1DB4675700316CF3 /* ReadWriteLock */ = {
			isa = PBXGroup;
			children = (
				3204A0BE1DB4675700316CF3 /* main.swift */,
				3204A0C51DB4682F00316CF3 /* RecordStocker.swift */,
				3204A0CD1DB46F1500316CF3 /* ReadWriteLock.swift */,
				3204A0C91DB46C0100316CF3 /* Record.swift */,
				3204A0C71DB46B2800316CF3 /* RecordsUpdater.swift */,
				3204A0CB1DB46DB600316CF3 /* User.swift */,
			);
			path = ReadWriteLock;
			sourceTree = "<group>";
		};
/* End PBXGroup section */

/* Begin PBXNativeTarget section */
		3204A0BA1DB4675700316CF3 /* ReadWriteLock */ = {
			isa = PBXNativeTarget;
			buildConfigurationList = 3204A0C21DB4675700316CF3 /* Build configuration list for PBXNativeTarget "ReadWriteLock" */;
			buildPhases = (
				3204A0B71DB4675700316CF3 /* Sources */,
				3204A0B81DB4675700316CF3 /* Frameworks */,
				3204A0B91DB4675700316CF3 /* CopyFiles */,
			);
			buildRules = (
			);
			dependencies = (
			);
			name = ReadWriteLock;
			productName = ReadWriteLock;
			productReference = 3204A0BB1DB4675700316CF3 /* ReadWriteLock */;
			productType = "com.apple.product-type.tool";
		};
/* End PBXNativeTarget section */

/* Begin PBXProject section */
		3204A0B31DB4675700316CF3 /* Project object */ = {
			isa = PBXProject;
			attributes = {
				LastSwiftUpdateCheck = 0800;
				LastUpgradeCheck = 1200;
				ORGANIZATIONNAME = rodhos;
				TargetAttributes = {
					3204A0BA1DB4675700316CF3 = {
						CreatedOnToolsVersion = 8.0;
						ProvisioningStyle = Automatic;
					};
				};
			};
			buildConfigurationList = 3204A0B61DB4675700316CF3 /* Build configuration list for PBXProject "ReadWriteLock" */;
			compatibilityVersion = "Xcode 3.2";
			developmentRegion = en;
			hasScannedForEncodings = 0;
			knownRegions = (
				en,
				Base,
			);
			mainGroup = 3204A0B21DB4675700316CF3;
			productRefGroup = 3204A0BC1DB4675700316CF3 /* Products */;
			projectDirPath = "";
			projectRoot = "";
			targets = (
				3204A0BA1DB4675700316CF3 /* ReadWriteLock */,
			);
		};
/* End PBXProject section */

/* Begin PBXSourcesBuildPhase section */
		3204A0B71DB4675700316CF3 /* Sources */ = {
			isa = PBXSourcesBuildPhase;
			buildActionMask = 2147483647;
			files = (
				3204A0CE1DB46F1500316CF3 /* ReadWriteLock.swift in Sources */,
				3204A0C81DB46B2800316CF3 /* RecordsUpdater.swift in Sources */,
				3204A0C61DB4682F00316CF3 /* RecordStocker.swift in Sources */,
				3204A0CA1DB46C0100316CF3 /* Record.swift in Sources */,
				3204A0CC1DB46DB600316CF3 /* User.swift in Sources */,
				3204A0BF1DB4675700316CF3 /* main.swift in Sources */,
			);
			runOnlyForDeploymentPostprocessing = 0;
		};
/* End PBXSourcesBuildPhase section */

/* Begin XCBuildConfiguration section */
		3204A0C01DB4675700316CF3 /* Debug */ = {
			isa = XCBuildConfiguration;
			buildSettings = {
				ALWAYS_SEARCH_USER_PATHS = NO;
				CLANG_ANALYZER_LOCALIZABILITY_NONLOCALIZED = YES;
				CLANG_ANALYZER_NONNULL = YES;
				CLANG_CXX_LANGUAGE_STANDARD = "gnu++0x";
				CLANG_CXX_LIBRARY = "libc++";
				CLANG_ENABLE_MODULES = YES;
				CLANG_ENABLE_OBJC_ARC = YES;
				CLANG_WARN_BLOCK_CAPTURE_AUTORELEASING = YES;
				CLANG_WARN_BOOL_CONVERSION = YES;
				CLANG_WARN_COMMA = YES;
				CLANG_WARN_CONSTANT_CONVERSION = YES;
				CLANG_WARN_DEPRECATED_OBJC_IMPLEMENTATIONS = YES;
				CLANG_WARN_DIRECT_OBJC_ISA_USAGE = YES_ERROR;
				CLANG_WARN_DOCUMENTATION_COMMENTS = YES;
				CLANG_WARN_EMPTY_BODY = YES;
				CLANG_WARN_ENUM_CONVERSION = YES;
				CLANG_WARN_INFINITE_RECURSION = YES;
				CLANG_WARN_INT_CONVERSION = YES;
				CLANG_WARN_NON_LITERAL_NULL_CONVERSION = YES;
				CLANG_WARN_OBJC_IMPLICIT_RETAIN_SELF = YES;
				CLANG_WARN_OBJC_LITERAL_CONVERSION = YES;
				CLANG_WARN_OBJC_ROOT_CLASS = YES_ERROR;
				CLANG_WARN_QUOTED_INCLUDE_IN_FRAMEWORK_HEADER = YES;
				CLANG_WARN_RANGE_LOOP_ANALYSIS = YES;
				CLANG_WARN_STRICT_PROTOTYPES = YES;
				CLANG_WARN_SUSPICIOUS_MOVE = YES;
				CLANG_WARN_SUSPICIOUS_MOVES = YES;
				CLANG_WARN_UNREACHABLE_CODE = YES;
				CLANG_WARN__DUPLICATE_METHOD_MATCH = YES;
				CODE_SIGN_IDENTITY = "-";
				COPY_PHASE_STRIP = NO;
				DEBUG_INFORMATION_FORMAT = dwarf;
				ENABLE_STRICT_OBJC_MSGSEND = YES;
				ENABLE_TESTABILITY = YES;
				GCC_C_LANGUAGE_STANDARD = gnu99;
				GCC_DYNAMIC_NO_PIC = NO;
				GCC_NO_COMMON_BLOCKS = YES;
				GCC_OPTIMIZATION_LEVEL = 0;
				GCC_PREPROCESSOR_DEFINITIONS = (
					"DEBUG=1",
					"$(inherited)",
				);
				GCC_WARN_64_TO_32_BIT_CONVERSION = YES;
				GCC_WARN_ABOUT_RETURN_TYPE = YES_ERROR;
				GCC_WARN_UNDECLARED_SELECTOR = YES;
				GCC_WARN_UNINITIALIZED_AUTOS = YES_AGGRESSIVE;
				GCC_WARN_UNUSED_FUNCTION = YES;
				GCC_WARN_UNUSED_VARIABLE = YES;
				MACOSX_DEPLOYMENT_TARGET = 10.11;
				MTL_ENABLE_DEBUG_INFO = YES;
				ONLY_ACTIVE_ARCH = YES;
				SDKROOT = macosx;
				SWIFT_OPTIMIZATION_LEVEL = "-Onone";
			};
			name = Debug;
		};
		3204A0C11DB4675700316CF3 /* Release */ = {
			isa = XCBuildConfiguration;
			buildSettings = {
				ALWAYS_SEARCH_USER_PATHS = NO;
				CLANG_ANALYZER_LOCALIZABILITY_NONLOCALIZED = YES;
				CLANG_ANALYZER_NONNULL = YES;
				CLANG_CXX_LANGUAGE_STANDARD = "gnu++0x";
				CLANG_CXX_LIBRARY = "libc++";
				CLANG_ENABLE_MODULES = YES;
				CLANG_ENABLE_OBJC_ARC = YES;
				CLANG_WARN_BLOCK_CAPTURE_AUTORELEASING = YES;
				CLANG_WARN_BOOL_CONVERSION = YES;
				CLANG_WARN_COMMA = YES;
				CLANG_WARN_CONSTANT_CONVERSION = YES;
				CLANG_WARN_DEPRECATED_OBJC_IMPLEMENTATIONS = YES;
				CLANG_WARN_DIRECT_OBJC_ISA_USAGE = YES_ERROR;
				CLANG_WARN_DOCUMENTATION_COMMENTS = YES;
				CLANG_WARN_EMPTY_BODY = YES;
				CLANG_WARN_ENUM_CONVERSION = YES;
				CLANG_WARN_INFINITE_RECURSION = YES;
				CLANG_WARN_INT_CONVERSION = YES;
				CLANG_WARN_NON_LITERAL_NULL_CONVERSION = YES;
				CLANG_WARN_OBJC_IMPLICIT_RETAIN_SELF = YES;
				CLANG_WARN_OBJC_LITERAL_CONVERSION = YES;
				CLANG_WARN_OBJC_ROOT_CLASS = YES_ERROR;
				CLANG_WARN_QUOTED_INCLUDE_IN_FRAMEWORK_HEADER = YES;
				CLANG_WARN_RANGE_LOOP_ANALYSIS = YES;
				CLANG_WARN_STRICT_PROTOTYPES = YES;
				CLANG_WARN_SUSPICIOUS_MOVE = YES;
				CLANG_WARN_SUSPICIOUS_MOVES = YES;
				CLANG_WARN_UNREACHABLE_CODE = YES;
				CLANG_WARN__DUPLICATE_METHOD_MATCH = YES;
				CODE_SIGN_IDENTITY = "-";
				COPY_PHASE_STRIP = NO;
				DEBUG_INFORMATION_FORMAT = "dwarf-with-dsym";
				ENABLE_NS_ASSERTIONS = NO;
				ENABLE_STRICT_OBJC_MSGSEND = YES;
				GCC_C_LANGUAGE_STANDARD = gnu99;
				GCC_NO_COMMON_BLOCKS = YES;
				GCC_WARN_64_TO_32_BIT_CONVERSION = YES;
				GCC_WARN_ABOUT_RETURN_TYPE = YES_ERROR;
				GCC_WARN_UNDECLARED_SELECTOR = YES;
				GCC_WARN_UNINITIALIZED_AUTOS = YES_AGGRESSIVE;
				GCC_WARN_UNUSED_FUNCTION = YES;
				GCC_WARN_UNUSED_VARIABLE = YES;
				MACOSX_DEPLOYMENT_TARGET = 10.11;
				MTL_ENABLE_DEBUG_INFO = NO;
				SDKROOT = macosx;
				SWIFT_COMPILATION_MODE = wholemodule;
			};
			name = Release;
		};
		3204A0C31DB4675700316CF3 /* Debug */ = {
			isa = XCBuildConfiguration;
			buildSettings = {
				CODE_SIGN_IDENTITY = "-";
				PRODUCT_NAME = "$(TARGET_NAME)";
				SWIFT_VERSION = 5.0;
			};
			name = Debug;
		};
		3204A0C41DB4675700316CF3 /* Release */ = {
			isa = XCBuildConfiguration;
			buildSettings = {
				CODE_SIGN_IDENTITY = "-";
				PRODUCT_NAME = "$(TARGET_NAME)";
				SWIFT_VERSION = 5.0;
			};
			name = Release;
		};
/* End XCBuildConfiguration section */

/* Begin XCConfigurationList section */
		3204A0B61DB4675700316CF3 /* Build configuration list for PBXProject "ReadWriteLock" */ = {
			isa = XCConfigurationList;
			buildConfigurations = (
				3204A0C01DB4675700316CF3 /* Debug */,
				3204A0C11DB4675700316CF3 /* Release */,
			);
			defaultConfigurationIsVisible = 0;
			defaultConfigurationName = Release;
		};
		3204A0C21DB4675700316CF3 /* Build configuration list for PBXNativeTarget "ReadWriteLock" */ = {
			isa = XCConfigurationList;
			buildConfigurations = (
				3204A0C31DB4675700316CF3 /* Debug */,
				3204A0C41DB4675700316CF3 /* Release */,
			);
			defaultConfigurationIsVisible = 0;
			defaultConfigurationName = Release;
		};
/* End XCConfigurationList section */
	};
	rootObject = 3204A0B31DB4675700316CF3 /* Project object */;
}
