// !$*UTF8*$!
{
	archiveVersion = 1;
	classes = {
	};
	objectVersion = 46;
	objects = {

/* Begin PBXBuildFile section */
		32CC62B21DB454DF0087F3B2 /* main.swift in Sources */ = {isa = PBXBuildFile; fileRef = 32CC62B11DB454DF0087F3B2 /* main.swift */; };
		32CC62B91DB4552E0087F3B2 /* Maker.swift in Sources */ = {isa = PBXBuildFile; fileRef = 32CC62B81DB4552E0087F3B2 /* Maker.swift */; };
		32CC62BB1DB4598D0087F3B2 /* Product.swift in Sources */ = {isa = PBXBuildFile; fileRef = 32CC62BA1DB4598D0087F3B2 /* Product.swift */; };
		32CC62BD1DB459A90087F3B2 /* Stocker.swift in Sources */ = {isa = PBXBuildFile; fileRef = 32CC62BC1DB459A90087F3B2 /* Stocker.swift */; };
		32CC62BF1DB459E80087F3B2 /* User.swift in Sources */ = {isa = PBXBuildFile; fileRef = 32CC62BE1DB459E80087F3B2 /* User.swift */; };
/* End PBXBuildFile section */

/* Begin PBXCopyFilesBuildPhase section */
		32CC62AC1DB454DE0087F3B2 /* CopyFiles */ = {
			isa = PBXCopyFilesBuildPhase;
			buildActionMask = 2147483647;
			dstPath = /usr/share/man/man1/;
			dstSubfolderSpec = 0;
			files = (
			);
			runOnlyForDeploymentPostprocessing = 1;
		};
/* End PBXCopyFilesBuildPhase section */

/* Begin PBXFileReference section */
		32CC62AE1DB454DE0087F3B2 /* ProducerConsumer */ = {isa = PBXFileReference; explicitFileType = "compiled.mach-o.executable"; includeInIndex = 0; path = ProducerConsumer; sourceTree = BUILT_PRODUCTS_DIR; };
		32CC62B11DB454DF0087F3B2 /* main.swift */ = {isa = PBXFileReference; lastKnownFileType = sourcecode.swift; path = main.swift; sourceTree = "<group>"; };
		32CC62B81DB4552E0087F3B2 /* Maker.swift */ = {isa = PBXFileReference; fileEncoding = 4; lastKnownFileType = sourcecode.swift; path = Maker.swift; sourceTree = "<group>"; };
		32CC62BA1DB4598D0087F3B2 /* Product.swift */ = {isa = PBXFileReference; fileEncoding = 4; lastKnownFileType = sourcecode.swift; path = Product.swift; sourceTree = "<group>"; };
		32CC62BC1DB459A90087F3B2 /* Stocker.swift */ = {isa = PBXFileReference; fileEncoding = 4; lastKnownFileType = sourcecode.swift; path = Stocker.swift; sourceTree = "<group>"; };
		32CC62BE1DB459E80087F3B2 /* User.swift */ = {isa = PBXFileReference; fileEncoding = 4; lastKnownFileType = sourcecode.swift; path = User.swift; sourceTree = "<group>"; };
/* End PBXFileReference section */

/* Begin PBXFrameworksBuildPhase section */
		32CC62AB1DB454DE0087F3B2 /* Frameworks */ = {
			isa = PBXFrameworksBuildPhase;
			buildActionMask = 2147483647;
			files = (
			);
			runOnlyForDeploymentPostprocessing = 0;
		};
/* End PBXFrameworksBuildPhase section */

/* Begin PBXGroup section */
		32CC62A51DB454DE0087F3B2 = {
			isa = PBXGroup;
			children = (
				32CC62B01DB454DE0087F3B2 /* ProducerConsumer */,
				32CC62AF1DB454DE0087F3B2 /* Products */,
			);
			sourceTree = "<group>";
		};
		32CC62AF1DB454DE0087F3B2 /* Products */ = {
			isa = PBXGroup;
			children = (
				32CC62AE1DB454DE0087F3B2 /* ProducerConsumer */,
			);
			name = Products;
			sourceTree = "<group>";
		};
		32CC62B01DB454DE0087F3B2 /* ProducerConsumer */ = {
			isa = PBXGroup;
			children = (
				32CC62B11DB454DF0087F3B2 /* main.swift */,
				32CC62B81DB4552E0087F3B2 /* Maker.swift */,
				32CC62BC1DB459A90087F3B2 /* Stocker.swift */,
				32CC62BA1DB4598D0087F3B2 /* Product.swift */,
				32CC62BE1DB459E80087F3B2 /* User.swift */,
			);
			path = ProducerConsumer;
			sourceTree = "<group>";
		};
/* End PBXGroup section */

/* Begin PBXNativeTarget section */
		32CC62AD1DB454DE0087F3B2 /* ProducerConsumer */ = {
			isa = PBXNativeTarget;
			buildConfigurationList = 32CC62B51DB454DF0087F3B2 /* Build configuration list for PBXNativeTarget "ProducerConsumer" */;
			buildPhases = (
				32CC62AA1DB454DE0087F3B2 /* Sources */,
				32CC62AB1DB454DE0087F3B2 /* Frameworks */,
				32CC62AC1DB454DE0087F3B2 /* CopyFiles */,
			);
			buildRules = (
			);
			dependencies = (
			);
			name = ProducerConsumer;
			productName = ProducerConsumer;
			productReference = 32CC62AE1DB454DE0087F3B2 /* ProducerConsumer */;
			productType = "com.apple.product-type.tool";
		};
/* End PBXNativeTarget section */

/* Begin PBXProject section */
		32CC62A61DB454DE0087F3B2 /* Project object */ = {
			isa = PBXProject;
			attributes = {
				LastSwiftUpdateCheck = 0800;
				LastUpgradeCheck = 0800;
				ORGANIZATIONNAME = rodhos;
				TargetAttributes = {
					32CC62AD1DB454DE0087F3B2 = {
						CreatedOnToolsVersion = 8.0;
						ProvisioningStyle = Automatic;
					};
				};
			};
			buildConfigurationList = 32CC62A91DB454DE0087F3B2 /* Build configuration list for PBXProject "ProducerConsumer" */;
			compatibilityVersion = "Xcode 3.2";
			developmentRegion = English;
			hasScannedForEncodings = 0;
			knownRegions = (
				en,
			);
			mainGroup = 32CC62A51DB454DE0087F3B2;
			productRefGroup = 32CC62AF1DB454DE0087F3B2 /* Products */;
			projectDirPath = "";
			projectRoot = "";
			targets = (
				32CC62AD1DB454DE0087F3B2 /* ProducerConsumer */,
			);
		};
/* End PBXProject section */

/* Begin PBXSourcesBuildPhase section */
		32CC62AA1DB454DE0087F3B2 /* Sources */ = {
			isa = PBXSourcesBuildPhase;
			buildActionMask = 2147483647;
			files = (
				32CC62B91DB4552E0087F3B2 /* Maker.swift in Sources */,
				32CC62B21DB454DF0087F3B2 /* main.swift in Sources */,
				32CC62BB1DB4598D0087F3B2 /* Product.swift in Sources */,
				32CC62BF1DB459E80087F3B2 /* User.swift in Sources */,
				32CC62BD1DB459A90087F3B2 /* Stocker.swift in Sources */,
			);
			runOnlyForDeploymentPostprocessing = 0;
		};
/* End PBXSourcesBuildPhase section */

/* Begin XCBuildConfiguration section */
		32CC62B31DB454DF0087F3B2 /* Debug */ = {
			isa = XCBuildConfiguration;
			buildSettings = {
				ALWAYS_SEARCH_USER_PATHS = NO;
				CLANG_ANALYZER_NONNULL = YES;
				CLANG_CXX_LANGUAGE_STANDARD = "gnu++0x";
				CLANG_CXX_LIBRARY = "libc++";
				CLANG_ENABLE_MODULES = YES;
				CLANG_ENABLE_OBJC_ARC = YES;
				CLANG_WARN_BOOL_CONVERSION = YES;
				CLANG_WARN_CONSTANT_CONVERSION = YES;
				CLANG_WARN_DIRECT_OBJC_ISA_USAGE = YES_ERROR;
				CLANG_WARN_DOCUMENTATION_COMMENTS = YES;
				CLANG_WARN_EMPTY_BODY = YES;
				CLANG_WARN_ENUM_CONVERSION = YES;
				CLANG_WARN_INFINITE_RECURSION = YES;
				CLANG_WARN_INT_CONVERSION = YES;
				CLANG_WARN_OBJC_ROOT_CLASS = YES_ERROR;
				CLANG_WARN_SUSPICIOUS_MOVES = YES;
				CLANG_WARN_UNREACHABLE_CODE = YES;
				CLANG_WARN__DUPLICATE_METHOD_MATCH = YES;
				CODE_SIGN_IDENTITY = "-";
				COPY_PHASE_STRIP = NO;
				DEBUG_INFORMATION_FORMAT = dwarf;
				ENABLE_STRICT_OBJC_MSGSEND = YES;
				ENABLE_TESTABILITY = YES;
				GCC_C_LANGUAGE_STANDARD = gnu99;
				GCC_DYNAMIC_NO_PIC = NO;
				GCC_NO_COMMON_BLOCKS = YES;
				GCC_OPTIMIZATION_LEVEL = 0;
				GCC_PREPROCESSOR_DEFINITIONS = (
					"DEBUG=1",
					"$(inherited)",
				);
				GCC_WARN_64_TO_32_BIT_CONVERSION = YES;
				GCC_WARN_ABOUT_RETURN_TYPE = YES_ERROR;
				GCC_WARN_UNDECLARED_SELECTOR = YES;
				GCC_WARN_UNINITIALIZED_AUTOS = YES_AGGRESSIVE;
				GCC_WARN_UNUSED_FUNCTION = YES;
				GCC_WARN_UNUSED_VARIABLE = YES;
				MACOSX_DEPLOYMENT_TARGET = 10.11;
				MTL_ENABLE_DEBUG_INFO = YES;
				ONLY_ACTIVE_ARCH = YES;
				SDKROOT = macosx;
				SWIFT_OPTIMIZATION_LEVEL = "-Onone";
			};
			name = Debug;
		};
		32CC62B41DB454DF0087F3B2 /* Release */ = {
			isa = XCBuildConfiguration;
			buildSettings = {
				ALWAYS_SEARCH_USER_PATHS = NO;
				CLANG_ANALYZER_NONNULL = YES;
				CLANG_CXX_LANGUAGE_STANDARD = "gnu++0x";
				CLANG_CXX_LIBRARY = "libc++";
				CLANG_ENABLE_MODULES = YES;
				CLANG_ENABLE_OBJC_ARC = YES;
				CLANG_WARN_BOOL_CONVERSION = YES;
				CLANG_WARN_CONSTANT_CONVERSION = YES;
				CLANG_WARN_DIRECT_OBJC_ISA_USAGE = YES_ERROR;
				CLANG_WARN_DOCUMENTATION_COMMENTS = YES;
				CLANG_WARN_EMPTY_BODY = YES;
				CLANG_WARN_ENUM_CONVERSION = YES;
				CLANG_WARN_INFINITE_RECURSION = YES;
				CLANG_WARN_INT_CONVERSION = YES;
				CLANG_WARN_OBJC_ROOT_CLASS = YES_ERROR;
				CLANG_WARN_SUSPICIOUS_MOVES = YES;
				CLANG_WARN_UNREACHABLE_CODE = YES;
				CLANG_WARN__DUPLICATE_METHOD_MATCH = YES;
				CODE_SIGN_IDENTITY = "-";
				COPY_PHASE_STRIP = NO;
				DEBUG_INFORMATION_FORMAT = "dwarf-with-dsym";
				ENABLE_NS_ASSERTIONS = NO;
				ENABLE_STRICT_OBJC_MSGSEND = YES;
				GCC_C_LANGUAGE_STANDARD = gnu99;
				GCC_NO_COMMON_BLOCKS = YES;
				GCC_WARN_64_TO_32_BIT_CONVERSION = YES;
				GCC_WARN_ABOUT_RETURN_TYPE = YES_ERROR;
				GCC_WARN_UNDECLARED_SELECTOR = YES;
				GCC_WARN_UNINITIALIZED_AUTOS = YES_AGGRESSIVE;
				GCC_WARN_UNUSED_FUNCTION = YES;
				GCC_WARN_UNUSED_VARIABLE = YES;
				MACOSX_DEPLOYMENT_TARGET = 10.11;
				MTL_ENABLE_DEBUG_INFO = NO;
				SDKROOT = macosx;
			};
			name = Release;
		};
		32CC62B61DB454DF0087F3B2 /* Debug */ = {
			isa = XCBuildConfiguration;
			buildSettings = {
				PRODUCT_NAME = "$(TARGET_NAME)";
				SWIFT_VERSION = 3.0;
			};
			name = Debug;
		};
		32CC62B71DB454DF0087F3B2 /* Release */ = {
			isa = XCBuildConfiguration;
			buildSettings = {
				PRODUCT_NAME = "$(TARGET_NAME)";
				SWIFT_VERSION = 3.0;
			};
			name = Release;
		};
/* End XCBuildConfiguration section */

/* Begin XCConfigurationList section */
		32CC62A91DB454DE0087F3B2 /* Build configuration list for PBXProject "ProducerConsumer" */ = {
			isa = XCConfigurationList;
			buildConfigurations = (
				32CC62B31DB454DF0087F3B2 /* Debug */,
				32CC62B41DB454DF0087F3B2 /* Release */,
			);
			defaultConfigurationIsVisible = 0;
			defaultConfigurationName = Release;
		};
		32CC62B51DB454DF0087F3B2 /* Build configuration list for PBXNativeTarget "ProducerConsumer" */ = {
			isa = XCConfigurationList;
			buildConfigurations = (
				32CC62B61DB454DF0087F3B2 /* Debug */,
				32CC62B71DB454DF0087F3B2 /* Release */,
			);
			defaultConfigurationIsVisible = 0;
		};
/* End XCConfigurationList section */
	};
	rootObject = 32CC62A61DB454DE0087F3B2 /* Project object */;
}
