// !$*UTF8*$!
{
	archiveVersion = 1;
	classes = {
	};
	objectVersion = 46;
	objects = {

/* Begin PBXBuildFile section */
		3204A0F51DB48B2B00316CF3 /* main.swift in Sources */ = {isa = PBXBuildFile; fileRef = 3204A0F41DB48B2B00316CF3 /* main.swift */; };
		3204A0FC1DB48C9200316CF3 /* User.swift in Sources */ = {isa = PBXBuildFile; fileRef = 3204A0FB1DB48C9200316CF3 /* User.swift */; };
		3204A0FE1DB48E8900316CF3 /* Command.swift in Sources */ = {isa = PBXBuildFile; fileRef = 3204A0FD1DB48E8900316CF3 /* Command.swift */; };
		3204A1001DB48E9C00316CF3 /* CommandManager.swift in Sources */ = {isa = PBXBuildFile; fileRef = 3204A0FF1DB48E9C00316CF3 /* CommandManager.swift */; };
		3204A1021DB48F3C00316CF3 /* Worker.swift in Sources */ = {isa = PBXBuildFile; fileRef = 3204A1011DB48F3C00316CF3 /* Worker.swift */; };
/* End PBXBuildFile section */

/* Begin PBXCopyFilesBuildPhase section */
		3204A0EF1DB48B2B00316CF3 /* CopyFiles */ = {
			isa = PBXCopyFilesBuildPhase;
			buildActionMask = 2147483647;
			dstPath = /usr/share/man/man1/;
			dstSubfolderSpec = 0;
			files = (
			);
			runOnlyForDeploymentPostprocessing = 1;
		};
/* End PBXCopyFilesBuildPhase section */

/* Begin PBXFileReference section */
		3204A0F11DB48B2B00316CF3 /* WorkerThread */ = {isa = PBXFileReference; explicitFileType = "compiled.mach-o.executable"; includeInIndex = 0; path = WorkerThread; sourceTree = BUILT_PRODUCTS_DIR; };
		3204A0F41DB48B2B00316CF3 /* main.swift */ = {isa = PBXFileReference; lastKnownFileType = sourcecode.swift; path = main.swift; sourceTree = "<group>"; };
		3204A0FB1DB48C9200316CF3 /* User.swift */ = {isa = PBXFileReference; fileEncoding = 4; lastKnownFileType = sourcecode.swift; path = User.swift; sourceTree = "<group>"; };
		3204A0FD1DB48E8900316CF3 /* Command.swift */ = {isa = PBXFileReference; fileEncoding = 4; lastKnownFileType = sourcecode.swift; path = Command.swift; sourceTree = "<group>"; };
		3204A0FF1DB48E9C00316CF3 /* CommandManager.swift */ = {isa = PBXFileReference; fileEncoding = 4; lastKnownFileType = sourcecode.swift; path = CommandManager.swift; sourceTree = "<group>"; };
		3204A1011DB48F3C00316CF3 /* Worker.swift */ = {isa = PBXFileReference; fileEncoding = 4; lastKnownFileType = sourcecode.swift; path = Worker.swift; sourceTree = "<group>"; };
/* End PBXFileReference section */

/* Begin PBXFrameworksBuildPhase section */
		3204A0EE1DB48B2B00316CF3 /* Frameworks */ = {
			isa = PBXFrameworksBuildPhase;
			buildActionMask = 2147483647;
			files = (
			);
			runOnlyForDeploymentPostprocessing = 0;
		};
/* End PBXFrameworksBuildPhase section */

/* Begin PBXGroup section */
		3204A0E81DB48B2A00316CF3 = {
			isa = PBXGroup;
			children = (
				3204A0F31DB48B2B00316CF3 /* WorkerThread */,
				3204A0F21DB48B2B00316CF3 /* Products */,
			);
			sourceTree = "<group>";
		};
		3204A0F21DB48B2B00316CF3 /* Products */ = {
			isa = PBXGroup;
			children = (
				3204A0F11DB48B2B00316CF3 /* WorkerThread */,
			);
			name = Products;
			sourceTree = "<group>";
		};
		3204A0F31DB48B2B00316CF3 /* WorkerThread */ = {
			isa = PBXGroup;
			children = (
				3204A0F41DB48B2B00316CF3 /* main.swift */,
				3204A0FB1DB48C9200316CF3 /* User.swift */,
				3204A0FF1DB48E9C00316CF3 /* CommandManager.swift */,
				3204A1011DB48F3C00316CF3 /* Worker.swift */,
				3204A0FD1DB48E8900316CF3 /* Command.swift */,
			);
			path = WorkerThread;
			sourceTree = "<group>";
		};
/* End PBXGroup section */

/* Begin PBXNativeTarget section */
		3204A0F01DB48B2B00316CF3 /* WorkerThread */ = {
			isa = PBXNativeTarget;
			buildConfigurationList = 3204A0F81DB48B2B00316CF3 /* Build configuration list for PBXNativeTarget "WorkerThread" */;
			buildPhases = (
				3204A0ED1DB48B2B00316CF3 /* Sources */,
				3204A0EE1DB48B2B00316CF3 /* Frameworks */,
				3204A0EF1DB48B2B00316CF3 /* CopyFiles */,
			);
			buildRules = (
			);
			dependencies = (
			);
			name = WorkerThread;
			productName = WorkerThread;
			productReference = 3204A0F11DB48B2B00316CF3 /* WorkerThread */;
			productType = "com.apple.product-type.tool";
		};
/* End PBXNativeTarget section */

/* Begin PBXProject section */
		3204A0E91DB48B2A00316CF3 /* Project object */ = {
			isa = PBXProject;
			attributes = {
				LastSwiftUpdateCheck = 0800;
				LastUpgradeCheck = 0800;
				ORGANIZATIONNAME = rodhos;
				TargetAttributes = {
					3204A0F01DB48B2B00316CF3 = {
						CreatedOnToolsVersion = 8.0;
						ProvisioningStyle = Automatic;
					};
				};
			};
			buildConfigurationList = 3204A0EC1DB48B2A00316CF3 /* Build configuration list for PBXProject "WorkerThread" */;
			compatibilityVersion = "Xcode 3.2";
			developmentRegion = English;
			hasScannedForEncodings = 0;
			knownRegions = (
				en,
			);
			mainGroup = 3204A0E81DB48B2A00316CF3;
			productRefGroup = 3204A0F21DB48B2B00316CF3 /* Products */;
			projectDirPath = "";
			projectRoot = "";
			targets = (
				3204A0F01DB48B2B00316CF3 /* WorkerThread */,
			);
		};
/* End PBXProject section */

/* Begin PBXSourcesBuildPhase section */
		3204A0ED1DB48B2B00316CF3 /* Sources */ = {
			isa = PBXSourcesBuildPhase;
			buildActionMask = 2147483647;
			files = (
				3204A1021DB48F3C00316CF3 /* Worker.swift in Sources */,
				3204A0FC1DB48C9200316CF3 /* User.swift in Sources */,
				3204A1001DB48E9C00316CF3 /* CommandManager.swift in Sources */,
				3204A0F51DB48B2B00316CF3 /* main.swift in Sources */,
				3204A0FE1DB48E8900316CF3 /* Command.swift in Sources */,
			);
			runOnlyForDeploymentPostprocessing = 0;
		};
/* End PBXSourcesBuildPhase section */

/* Begin XCBuildConfiguration section */
		3204A0F61DB48B2B00316CF3 /* Debug */ = {
			isa = XCBuildConfiguration;
			buildSettings = {
				ALWAYS_SEARCH_USER_PATHS = NO;
				CLANG_ANALYZER_NONNULL = YES;
				CLANG_CXX_LANGUAGE_STANDARD = "gnu++0x";
				CLANG_CXX_LIBRARY = "libc++";
				CLANG_ENABLE_MODULES = YES;
				CLANG_ENABLE_OBJC_ARC = YES;
				CLANG_WARN_BOOL_CONVERSION = YES;
				CLANG_WARN_CONSTANT_CONVERSION = YES;
				CLANG_WARN_DIRECT_OBJC_ISA_USAGE = YES_ERROR;
				CLANG_WARN_DOCUMENTATION_COMMENTS = YES;
				CLANG_WARN_EMPTY_BODY = YES;
				CLANG_WARN_ENUM_CONVERSION = YES;
				CLANG_WARN_INFINITE_RECURSION = YES;
				CLANG_WARN_INT_CONVERSION = YES;
				CLANG_WARN_OBJC_ROOT_CLASS = YES_ERROR;
				CLANG_WARN_SUSPICIOUS_MOVES = YES;
				CLANG_WARN_UNREACHABLE_CODE = YES;
				CLANG_WARN__DUPLICATE_METHOD_MATCH = YES;
				CODE_SIGN_IDENTITY = "-";
				COPY_PHASE_STRIP = NO;
				DEBUG_INFORMATION_FORMAT = dwarf;
				ENABLE_STRICT_OBJC_MSGSEND = YES;
				ENABLE_TESTABILITY = YES;
				GCC_C_LANGUAGE_STANDARD = gnu99;
				GCC_DYNAMIC_NO_PIC = NO;
				GCC_NO_COMMON_BLOCKS = YES;
				GCC_OPTIMIZATION_LEVEL = 0;
				GCC_PREPROCESSOR_DEFINITIONS = (
					"DEBUG=1",
					"$(inherited)",
				);
				GCC_WARN_64_TO_32_BIT_CONVERSION = YES;
				GCC_WARN_ABOUT_RETURN_TYPE = YES_ERROR;
				GCC_WARN_UNDECLARED_SELECTOR = YES;
				GCC_WARN_UNINITIALIZED_AUTOS = YES_AGGRESSIVE;
				GCC_WARN_UNUSED_FUNCTION = YES;
				GCC_WARN_UNUSED_VARIABLE = YES;
				MACOSX_DEPLOYMENT_TARGET = 10.11;
				MTL_ENABLE_DEBUG_INFO = YES;
				ONLY_ACTIVE_ARCH = YES;
				SDKROOT = macosx;
				SWIFT_OPTIMIZATION_LEVEL = "-Onone";
			};
			name = Debug;
		};
		3204A0F71DB48B2B00316CF3 /* Release */ = {
			isa = XCBuildConfiguration;
			buildSettings = {
				ALWAYS_SEARCH_USER_PATHS = NO;
				CLANG_ANALYZER_NONNULL = YES;
				CLANG_CXX_LANGUAGE_STANDARD = "gnu++0x";
				CLANG_CXX_LIBRARY = "libc++";
				CLANG_ENABLE_MODULES = YES;
				CLANG_ENABLE_OBJC_ARC = YES;
				CLANG_WARN_BOOL_CONVERSION = YES;
				CLANG_WARN_CONSTANT_CONVERSION = YES;
				CLANG_WARN_DIRECT_OBJC_ISA_USAGE = YES_ERROR;
				CLANG_WARN_DOCUMENTATION_COMMENTS = YES;
				CLANG_WARN_EMPTY_BODY = YES;
				CLANG_WARN_ENUM_CONVERSION = YES;
				CLANG_WARN_INFINITE_RECURSION = YES;
				CLANG_WARN_INT_CONVERSION = YES;
				CLANG_WARN_OBJC_ROOT_CLASS = YES_ERROR;
				CLANG_WARN_SUSPICIOUS_MOVES = YES;
				CLANG_WARN_UNREACHABLE_CODE = YES;
				CLANG_WARN__DUPLICATE_METHOD_MATCH = YES;
				CODE_SIGN_IDENTITY = "-";
				COPY_PHASE_STRIP = NO;
				DEBUG_INFORMATION_FORMAT = "dwarf-with-dsym";
				ENABLE_NS_ASSERTIONS = NO;
				ENABLE_STRICT_OBJC_MSGSEND = YES;
				GCC_C_LANGUAGE_STANDARD = gnu99;
				GCC_NO_COMMON_BLOCKS = YES;
				GCC_WARN_64_TO_32_BIT_CONVERSION = YES;
				GCC_WARN_ABOUT_RETURN_TYPE = YES_ERROR;
				GCC_WARN_UNDECLARED_SELECTOR = YES;
				GCC_WARN_UNINITIALIZED_AUTOS = YES_AGGRESSIVE;
				GCC_WARN_UNUSED_FUNCTION = YES;
				GCC_WARN_UNUSED_VARIABLE = YES;
				MACOSX_DEPLOYMENT_TARGET = 10.11;
				MTL_ENABLE_DEBUG_INFO = NO;
				SDKROOT = macosx;
			};
			name = Release;
		};
		3204A0F91DB48B2B00316CF3 /* Debug */ = {
			isa = XCBuildConfiguration;
			buildSettings = {
				PRODUCT_NAME = "$(TARGET_NAME)";
				SWIFT_VERSION = 3.0;
			};
			name = Debug;
		};
		3204A0FA1DB48B2B00316CF3 /* Release */ = {
			isa = XCBuildConfiguration;
			buildSettings = {
				PRODUCT_NAME = "$(TARGET_NAME)";
				SWIFT_VERSION = 3.0;
			};
			name = Release;
		};
/* End XCBuildConfiguration section */

/* Begin XCConfigurationList section */
		3204A0EC1DB48B2A00316CF3 /* Build configuration list for PBXProject "WorkerThread" */ = {
			isa = XCConfigurationList;
			buildConfigurations = (
				3204A0F61DB48B2B00316CF3 /* Debug */,
				3204A0F71DB48B2B00316CF3 /* Release */,
			);
			defaultConfigurationIsVisible = 0;
			defaultConfigurationName = Release;
		};
		3204A0F81DB48B2B00316CF3 /* Build configuration list for PBXNativeTarget "WorkerThread" */ = {
			isa = XCConfigurationList;
			buildConfigurations = (
				3204A0F91DB48B2B00316CF3 /* Debug */,
				3204A0FA1DB48B2B00316CF3 /* Release */,
			);
			defaultConfigurationIsVisible = 0;
		};
/* End XCConfigurationList section */
	};
	rootObject = 3204A0E91DB48B2A00316CF3 /* Project object */;
}
